# This is a Gradle generated file for dependency locking.
# Manual edits can break the build and are not advised.
# This file is expected to be part of source control.
biz.aQute.bnd:biz.aQute.bnd.annotation:7.1.0=testCompileClasspath,testFixturesCompileClasspath
ch.qos.logback:logback-classic:1.5.32=testCompileClasspath,testFixturesCompileClasspath,testFixturesRuntimeClasspath,testRuntimeClasspath
ch.qos.logback:logback-core:1.5.32=testCompileClasspath,testFixturesCompileClasspath,testFixturesRuntimeClasspath,testRuntimeClasspath
com.fasterxml.jackson.core:jackson-annotations:2.21=compileClasspath,productionRuntimeClasspath,runtimeClasspath,testCompileClasspath,testFixturesRuntimeClasspath,testRuntimeClasspath
com.fasterxml:classmate:1.7.3=productionRuntimeClasspath,runtimeClasspath,testFixturesRuntimeClasspath,testRuntimeClasspath
com.github.docker-java:docker-java-api:3.7.1=compileClasspath,productionRuntimeClasspath,runtimeClasspath,testCompileClasspath,testFixturesRuntimeClasspath,testRuntimeClasspath
com.github.docker-java:docker-java-transport-zerodep:3.7.1=compileClasspath,productionRuntimeClasspath,runtimeClasspath,testCompileClasspath,testFixturesRuntimeClasspath,testRuntimeClasspath
com.github.docker-java:docker-java-transport:3.7.1=compileClasspath,productionRuntimeClasspath,runtimeClasspath,testCompileClasspath,testFixturesRuntimeClasspath,testRuntimeClasspath
com.google.errorprone:error_prone_annotations:2.38.0=testCompileClasspath,testFixturesCompileClasspath
com.googlecode.java-diff-utils:diffutils:1.3.0=testCompileClasspath,testFixturesCompileClasspath,testFixturesRuntimeClasspath,testRuntimeClasspath
com.opencsv:opencsv:5.12.0=compileClasspath,productionRuntimeClasspath,runtimeClasspath,testCompileClasspath,testFixturesCompileClasspath,testFixturesRuntimeClasspath,testRuntimeClasspath
com.sun.istack:istack-commons-runtime:4.1.2=productionRuntimeClasspath,runtimeClasspath,testFixturesRuntimeClasspath,testRuntimeClasspath
com.zaxxer:HikariCP:7.0.2=testCompileClasspath,testFixturesCompileClasspath,testFixturesRuntimeClasspath,testRuntimeClasspath
commons-codec:commons-codec:1.19.0=compileClasspath,productionRuntimeClasspath,runtimeClasspath,testCompileClasspath,testFixturesRuntimeClasspath,testRuntimeClasspath
commons-io:commons-io:2.21.0=compileClasspath,productionRuntimeClasspath,runtimeClasspath,testCompileClasspath,testFixturesCompileClasspath,testFixturesRuntimeClasspath,testRuntimeClasspath
commons-logging:commons-logging:1.3.6=compileClasspath,productionRuntimeClasspath,runtimeClasspath,testCompileClasspath,testFixturesCompileClasspath,testFixturesRuntimeClasspath,testRuntimeClasspath
de.cronn:test-utils:1.1.1=testCompileClasspath,testFixturesCompileClasspath,testFixturesRuntimeClasspath,testRuntimeClasspath
de.cronn:validation-file-assertions:0.8.0=testCompileClasspath,testFixturesCompileClasspath,testFixturesRuntimeClasspath,testRuntimeClasspath
io.micrometer:micrometer-commons:1.16.5=compileClasspath,productionRuntimeClasspath,runtimeClasspath,testCompileClasspath,testFixturesCompileClasspath,testFixturesRuntimeClasspath,testRuntimeClasspath
io.micrometer:micrometer-observation:1.16.5=compileClasspath,productionRuntimeClasspath,runtimeClasspath,testCompileClasspath,testFixturesCompileClasspath,testFixturesRuntimeClasspath,testRuntimeClasspath
jakarta.activation:jakarta.activation-api:2.1.4=productionRuntimeClasspath,runtimeClasspath,testFixturesRuntimeClasspath,testRuntimeClasspath
jakarta.annotation:jakarta.annotation-api:3.0.0=testCompileClasspath,testFixturesCompileClasspath,testFixturesRuntimeClasspath,testRuntimeClasspath
jakarta.inject:jakarta.inject-api:2.0.1=productionRuntimeClasspath,runtimeClasspath,testFixturesRuntimeClasspath,testRuntimeClasspath
jakarta.persistence:jakarta.persistence-api:3.2.0=compileClasspath,productionRuntimeClasspath,runtimeClasspath,testCompileClasspath,testFixturesCompileClasspath,testFixturesRuntimeClasspath,testRuntimeClasspath
jakarta.transaction:jakarta.transaction-api:2.0.1=compileClasspath,productionRuntimeClasspath,runtimeClasspath,testCompileClasspath,testFixturesCompileClasspath,testFixturesRuntimeClasspath,testRuntimeClasspath
jakarta.xml.bind:jakarta.xml.bind-api:4.0.4=productionRuntimeClasspath,runtimeClasspath,testFixturesRuntimeClasspath,testRuntimeClasspath
javax.xml.bind:jaxb-api:2.3.1=compileClasspath,productionRuntimeClasspath,runtimeClasspath,testCompileClasspath,testFixturesCompileClasspath,testFixturesRuntimeClasspath,testRuntimeClasspath
net.bytebuddy:byte-buddy:1.17.8=productionRuntimeClasspath,runtimeClasspath,testCompileClasspath,testFixturesCompileClasspath,testFixturesRuntimeClasspath,testRuntimeClasspath
net.java.dev.jna:jna:5.18.1=compileClasspath,productionRuntimeClasspath,runtimeClasspath,testCompileClasspath,testFixturesRuntimeClasspath,testRuntimeClasspath
org.antlr:antlr4-runtime:4.13.2=productionRuntimeClasspath,runtimeClasspath,testCompileClasspath,testFixturesCompileClasspath,testFixturesRuntimeClasspath,testRuntimeClasspath
org.apache.commons:commons-collections4:4.5.0=compileClasspath,productionRuntimeClasspath,runtimeClasspath,testCompileClasspath,testFixturesCompileClasspath,testFixturesRuntimeClasspath,testRuntimeClasspath
org.apache.commons:commons-compress:1.28.0=compileClasspath,productionRuntimeClasspath,runtimeClasspath,testCompileClasspath,testFixturesRuntimeClasspath,testRuntimeClasspath
org.apache.commons:commons-lang3:3.19.0=compileClasspath,productionRuntimeClasspath,runtimeClasspath,testCompileClasspath,testFixturesCompileClasspath,testFixturesRuntimeClasspath,testRuntimeClasspath
org.apache.commons:commons-text:1.15.0=compileClasspath,productionRuntimeClasspath,runtimeClasspath,testCompileClasspath,testFixturesCompileClasspath,testFixturesRuntimeClasspath,testRuntimeClasspath
org.apache.logging.log4j:log4j-api:2.25.4=testCompileClasspath,testFixturesCompileClasspath,testFixturesRuntimeClasspath,testRuntimeClasspath
org.apache.logging.log4j:log4j-to-slf4j:2.25.4=testCompileClasspath,testFixturesCompileClasspath,testFixturesRuntimeClasspath,testRuntimeClasspath
org.apiguardian:apiguardian-api:1.1.2=testCompileClasspath,testFixturesCompileClasspath
org.aspectj:aspectjweaver:1.9.25.1=testCompileClasspath,testFixturesCompileClasspath,testFixturesRuntimeClasspath,testRuntimeClasspath
org.assertj:assertj-core:3.27.7=testCompileClasspath,testFixturesCompileClasspath,testFixturesRuntimeClasspath,testRuntimeClasspath
org.eclipse.angus:angus-activation:2.0.3=productionRuntimeClasspath,runtimeClasspath,testFixturesRuntimeClasspath,testRuntimeClasspath
org.glassfish.jaxb:jaxb-core:4.0.6=productionRuntimeClasspath,runtimeClasspath,testFixturesRuntimeClasspath,testRuntimeClasspath
org.glassfish.jaxb:jaxb-runtime:4.0.6=productionRuntimeClasspath,runtimeClasspath,testFixturesRuntimeClasspath,testRuntimeClasspath
org.glassfish.jaxb:txw2:4.0.6=productionRuntimeClasspath,runtimeClasspath,testFixturesRuntimeClasspath,testRuntimeClasspath
org.hibernate.models:hibernate-models:1.0.1=productionRuntimeClasspath,runtimeClasspath,testFixturesRuntimeClasspath,testRuntimeClasspath
org.hibernate.orm:hibernate-core:7.2.12.Final=compileClasspath,productionRuntimeClasspath,runtimeClasspath,testCompileClasspath,testFixturesCompileClasspath,testFixturesRuntimeClasspath,testRuntimeClasspath
org.jacoco:org.jacoco.agent:0.8.13=jacocoAgent,jacocoAnt
org.jacoco:org.jacoco.ant:0.8.13=jacocoAnt
org.jacoco:org.jacoco.core:0.8.13=jacocoAnt
org.jacoco:org.jacoco.report:0.8.13=jacocoAnt
org.jboss.logging:jboss-logging:3.6.3.Final=productionRuntimeClasspath,runtimeClasspath,testFixturesRuntimeClasspath,testRuntimeClasspath
org.jetbrains:annotations:17.0.0=compileClasspath,productionRuntimeClasspath,runtimeClasspath,testCompileClasspath,testFixturesRuntimeClasspath,testRuntimeClasspath
org.jspecify:jspecify:1.0.0=compileClasspath,productionRuntimeClasspath,runtimeClasspath,testCompileClasspath,testFixturesCompileClasspath,testFixturesRuntimeClasspath,testRuntimeClasspath
org.junit.jupiter:junit-jupiter-api:6.0.3=testCompileClasspath,testFixturesCompileClasspath,testFixturesRuntimeClasspath,testRuntimeClasspath
org.junit.jupiter:junit-jupiter-engine:6.0.3=testRuntimeClasspath
org.junit.jupiter:junit-jupiter-params:6.0.3=testCompileClasspath,testRuntimeClasspath
org.junit.platform:junit-platform-commons:6.0.3=testCompileClasspath,testFixturesCompileClasspath,testFixturesRuntimeClasspath,testRuntimeClasspath
org.junit.platform:junit-platform-engine:6.0.3=testRuntimeClasspath
org.junit.platform:junit-platform-launcher:6.0.3=testRuntimeClasspath
org.junit:junit-bom:6.0.3=testCompileClasspath,testFixturesCompileClasspath,testFixturesRuntimeClasspath,testRuntimeClasspath
org.liquibase:liquibase-core:5.0.2=compileClasspath,productionRuntimeClasspath,runtimeClasspath,testCompileClasspath,testFixturesCompileClasspath,testFixturesRuntimeClasspath,testRuntimeClasspath
org.opentest4j:opentest4j:1.3.0=testCompileClasspath,testFixturesCompileClasspath,testFixturesRuntimeClasspath,testRuntimeClasspath
org.osgi:org.osgi.annotation.bundle:2.0.0=testCompileClasspath,testFixturesCompileClasspath
org.osgi:org.osgi.annotation.versioning:1.1.2=testCompileClasspath,testFixturesCompileClasspath
org.osgi:org.osgi.resource:1.0.0=testCompileClasspath,testFixturesCompileClasspath
org.osgi:org.osgi.service.serviceloader:1.0.0=testCompileClasspath,testFixturesCompileClasspath
org.ow2.asm:asm-commons:9.8=jacocoAnt
org.ow2.asm:asm-tree:9.8=jacocoAnt
org.ow2.asm:asm:9.8=jacocoAnt
org.rnorth.duct-tape:duct-tape:1.0.8=compileClasspath,productionRuntimeClasspath,runtimeClasspath,testCompileClasspath,testFixturesRuntimeClasspath,testRuntimeClasspath
org.slf4j:jul-to-slf4j:2.0.17=compileClasspath,productionRuntimeClasspath,runtimeClasspath,testCompileClasspath,testFixturesCompileClasspath,testFixturesRuntimeClasspath,testRuntimeClasspath
org.slf4j:slf4j-api:2.0.17=compileClasspath,productionRuntimeClasspath,runtimeClasspath,testCompileClasspath,testFixturesCompileClasspath,testFixturesRuntimeClasspath,testRuntimeClasspath
org.springframework.boot:spring-boot-autoconfigure:4.0.6=compileClasspath,productionRuntimeClasspath,runtimeClasspath,testCompileClasspath,testFixturesCompileClasspath,testFixturesRuntimeClasspath,testRuntimeClasspath
org.springframework.boot:spring-boot-data-commons:4.0.6=testCompileClasspath,testFixturesCompileClasspath,testFixturesRuntimeClasspath,testRuntimeClasspath
org.springframework.boot:spring-boot-data-jpa:4.0.6=testCompileClasspath,testFixturesCompileClasspath,testFixturesRuntimeClasspath,testRuntimeClasspath
org.springframework.boot:spring-boot-hibernate:4.0.6=compileClasspath,productionRuntimeClasspath,runtimeClasspath,testCompileClasspath,testFixturesCompileClasspath,testFixturesRuntimeClasspath,testRuntimeClasspath
org.springframework.boot:spring-boot-jdbc:4.0.6=compileClasspath,productionRuntimeClasspath,runtimeClasspath,testCompileClasspath,testFixturesCompileClasspath,testFixturesRuntimeClasspath,testRuntimeClasspath
org.springframework.boot:spring-boot-jpa:4.0.6=compileClasspath,productionRuntimeClasspath,runtimeClasspath,testCompileClasspath,testFixturesCompileClasspath,testFixturesRuntimeClasspath,testRuntimeClasspath
org.springframework.boot:spring-boot-liquibase:4.0.6=compileClasspath,productionRuntimeClasspath,runtimeClasspath,testCompileClasspath,testFixturesRuntimeClasspath,testRuntimeClasspath
org.springframework.boot:spring-boot-persistence:4.0.6=compileClasspath,productionRuntimeClasspath,runtimeClasspath,testCompileClasspath,testFixturesCompileClasspath,testFixturesRuntimeClasspath,testRuntimeClasspath
org.springframework.boot:spring-boot-sql:4.0.6=compileClasspath,productionRuntimeClasspath,runtimeClasspath,testCompileClasspath,testFixturesCompileClasspath,testFixturesRuntimeClasspath,testRuntimeClasspath
org.springframework.boot:spring-boot-starter-data-jpa:4.0.6=testCompileClasspath,testFixturesCompileClasspath,testFixturesRuntimeClasspath,testRuntimeClasspath
org.springframework.boot:spring-boot-starter-jdbc:4.0.6=testCompileClasspath,testFixturesCompileClasspath,testFixturesRuntimeClasspath,testRuntimeClasspath
org.springframework.boot:spring-boot-starter-logging:4.0.6=testCompileClasspath,testFixturesCompileClasspath,testFixturesRuntimeClasspath,testRuntimeClasspath
org.springframework.boot:spring-boot-starter:4.0.6=testCompileClasspath,testFixturesCompileClasspath,testFixturesRuntimeClasspath,testRuntimeClasspath
org.springframework.boot:spring-boot-transaction:4.0.6=compileClasspath,productionRuntimeClasspath,runtimeClasspath,testCompileClasspath,testFixturesCompileClasspath,testFixturesRuntimeClasspath,testRuntimeClasspath
org.springframework.boot:spring-boot:4.0.6=compileClasspath,productionRuntimeClasspath,runtimeClasspath,testCompileClasspath,testFixturesCompileClasspath,testFixturesRuntimeClasspath,testRuntimeClasspath
org.springframework.data:spring-data-commons:4.0.5=testCompileClasspath,testFixturesCompileClasspath,testFixturesRuntimeClasspath,testRuntimeClasspath
org.springframework.data:spring-data-jpa:4.0.5=testCompileClasspath,testFixturesCompileClasspath,testFixturesRuntimeClasspath,testRuntimeClasspath
org.springframework:spring-aop:7.0.7=compileClasspath,productionRuntimeClasspath,runtimeClasspath,testCompileClasspath,testFixturesCompileClasspath,testFixturesRuntimeClasspath,testRuntimeClasspath
org.springframework:spring-aspects:7.0.7=testCompileClasspath,testFixturesCompileClasspath,testFixturesRuntimeClasspath,testRuntimeClasspath
org.springframework:spring-beans:7.0.7=compileClasspath,productionRuntimeClasspath,runtimeClasspath,testCompileClasspath,testFixturesCompileClasspath,testFixturesRuntimeClasspath,testRuntimeClasspath
org.springframework:spring-context:7.0.7=compileClasspath,productionRuntimeClasspath,runtimeClasspath,testCompileClasspath,testFixturesCompileClasspath,testFixturesRuntimeClasspath,testRuntimeClasspath
org.springframework:spring-core:7.0.7=compileClasspath,productionRuntimeClasspath,runtimeClasspath,testCompileClasspath,testFixturesCompileClasspath,testFixturesRuntimeClasspath,testRuntimeClasspath
org.springframework:spring-expression:7.0.7=compileClasspath,productionRuntimeClasspath,runtimeClasspath,testCompileClasspath,testFixturesCompileClasspath,testFixturesRuntimeClasspath,testRuntimeClasspath
org.springframework:spring-jdbc:7.0.7=compileClasspath,productionRuntimeClasspath,runtimeClasspath,testCompileClasspath,testFixturesCompileClasspath,testFixturesRuntimeClasspath,testRuntimeClasspath
org.springframework:spring-orm:7.0.7=compileClasspath,productionRuntimeClasspath,runtimeClasspath,testCompileClasspath,testFixturesCompileClasspath,testFixturesRuntimeClasspath,testRuntimeClasspath
org.springframework:spring-tx:7.0.7=compileClasspath,productionRuntimeClasspath,runtimeClasspath,testCompileClasspath,testFixturesCompileClasspath,testFixturesRuntimeClasspath,testRuntimeClasspath
org.testcontainers:testcontainers-database-commons:2.0.5=compileClasspath,productionRuntimeClasspath,runtimeClasspath,testCompileClasspath,testFixturesRuntimeClasspath,testRuntimeClasspath
org.testcontainers:testcontainers-jdbc:2.0.5=compileClasspath,productionRuntimeClasspath,runtimeClasspath,testCompileClasspath,testFixturesRuntimeClasspath,testRuntimeClasspath
org.testcontainers:testcontainers:2.0.5=compileClasspath,productionRuntimeClasspath,runtimeClasspath,testCompileClasspath,testFixturesRuntimeClasspath,testRuntimeClasspath
org.yaml:snakeyaml:2.5=compileClasspath,productionRuntimeClasspath,runtimeClasspath,testCompileClasspath,testFixturesCompileClasspath,testFixturesRuntimeClasspath,testRuntimeClasspath
empty=annotationProcessor,developmentOnly,testAndDevelopmentOnly,testAnnotationProcessor,testFixturesAnnotationProcessor
